PODS:
  - PushedMessagingiOSLibrary (1.0.1)

DEPENDENCIES:
  - PushedMessagingiOSLibrary (from `../`)

EXTERNAL SOURCES:
  PushedMessagingiOSLibrary:
    :path: "../"

SPEC CHECKSUMS:
  PushedMessagingiOSLibrary: 4a2d836e80d5e3cdc6984962f66dffe392913207

PODFILE CHECKSUM: 35e3947df2210bf5874a0846e8be8aa35de5a5dd

COCOAPODS: 1.16.2
